
Microsoft Visual Studio Solution File, Format Version 12.00
# Visual Studio Version 16
VisualStudioVersion = 16.0.31229.75
MinimumVisualStudioVersion = 10.0.40219.1
Project("{FAE04EC0-301F-11D3-BF4B-00C04F79EFBC}") = "CSE462-HW3", "CSE462-HW3\CSE462-HW3.csproj", "{B0EC9F86-FE34-49CE-9E24-77E3C328263B}"
EndProject
Global
	GlobalSection(SolutionConfigurationPlatforms) = preSolution
		Debug|Any CPU = Debug|Any CPU
		Release|Any CPU = Release|Any CPU
	EndGlobalSection
	GlobalSection(ProjectConfigurationPlatforms) = postSolution
		{B0EC9F86-FE34-49CE-9E24-77E3C328263B}.Debug|Any CPU.ActiveCfg = Debug|Any CPU
		{B0EC9F86-FE34-49CE-9E24-77E3C328263B}.Debug|Any CPU.Build.0 = Debug|Any CPU
		{B0EC9F86-FE34-49CE-9E24-77E3C328263B}.Release|Any CPU.ActiveCfg = Release|Any CPU
		{B0EC9F86-FE34-49CE-9E24-77E3C328263B}.Release|Any CPU.Build.0 = Release|Any CPU
	EndGlobalSection
	GlobalSection(SolutionProperties) = preSolution
		HideSolutionNode = FALSE
	EndGlobalSection
	GlobalSection(ExtensibilityGlobals) = postSolution
		SolutionGuid = {1C458FA6-DC72-48E4-9FF6-13C8810BE667}
	EndGlobalSection
EndGlobal
